
Microsoft Visual Studio Solution File, Format Version 12.00
# Visual Studio Version 17
VisualStudioVersion = 17.14.36616.10 d17.14
MinimumVisualStudioVersion = 10.0.40219.1
Project("{FAE04EC0-301F-11D3-BF4B-00C04F79EFBC}") = "astar", "astar\astar.csproj", "{FCD743C7-BBC4-467F-9AC8-D15C8BE717B7}"
EndProject
Global
	GlobalSection(SolutionConfigurationPlatforms) = preSolution
		Debug|Any CPU = Debug|Any CPU
		Release|Any CPU = Release|Any CPU
	EndGlobalSection
	GlobalSection(ProjectConfigurationPlatforms) = postSolution
		{FCD743C7-BBC4-467F-9AC8-D15C8BE717B7}.Debug|Any CPU.ActiveCfg = Debug|Any CPU
		{FCD743C7-BBC4-467F-9AC8-D15C8BE717B7}.Debug|Any CPU.Build.0 = Debug|Any CPU
		{FCD743C7-BBC4-467F-9AC8-D15C8BE717B7}.Release|Any CPU.ActiveCfg = Release|Any CPU
		{FCD743C7-BBC4-467F-9AC8-D15C8BE717B7}.Release|Any CPU.Build.0 = Release|Any CPU
	EndGlobalSection
	GlobalSection(SolutionProperties) = preSolution
		HideSolutionNode = FALSE
	EndGlobalSection
	GlobalSection(ExtensibilityGlobals) = postSolution
		SolutionGuid = {6397767B-C377-449E-9D9D-EB4573EA9FF5}
	EndGlobalSection
EndGlobal
